
Microsoft Visual Studio Solution File, Format Version 12.00
# Visual Studio 2012
Project("{FAE04EC0-301F-11D3-BF4B-00C04F79EFBC}") = "vpshop", "vpshop\vpshop.csproj", "{9ABCA6E4-0CF8-439B-AB93-69B4FDCF24D9}"
EndProject
Global
	GlobalSection(SolutionConfigurationPlatforms) = preSolution
		Debug|Any CPU = Debug|Any CPU
		Release|Any CPU = Release|Any CPU
	EndGlobalSection
	GlobalSection(ProjectConfigurationPlatforms) = postSolution
		{9ABCA6E4-0CF8-439B-AB93-69B4FDCF24D9}.Debug|Any CPU.ActiveCfg = Debug|Any CPU
		{9ABCA6E4-0CF8-439B-AB93-69B4FDCF24D9}.Debug|Any CPU.Build.0 = Debug|Any CPU
		{9ABCA6E4-0CF8-439B-AB93-69B4FDCF24D9}.Release|Any CPU.ActiveCfg = Release|Any CPU
		{9ABCA6E4-0CF8-439B-AB93-69B4FDCF24D9}.Release|Any CPU.Build.0 = Release|Any CPU
	EndGlobalSection
	GlobalSection(SolutionProperties) = preSolution
		HideSolutionNode = FALSE
	EndGlobalSection
EndGlobal
